// !$*UTF8*$!
{
	archiveVersion = 1;
	classes = {
	};
	objectVersion = 56;
	objects = {

/* Begin PBXBuildFile section */
		68C3A4D92BFE330000E964B2 /* Weather_AppApp.swift in Sources */ = {isa = PBXBuildFile; fileRef = 68C3A4D82BFE330000E964B2 /* Weather_AppApp.swift */; };
		68C3A4DB2BFE330000E964B2 /* ContentView.swift in Sources */ = {isa = PBXBuildFile; fileRef = 68C3A4DA2BFE330000E964B2 /* ContentView.swift */; };
		68C3A4DD2BFE330100E964B2 /* Assets.xcassets in Resources */ = {isa = PBXBuildFile; fileRef = 68C3A4DC2BFE330100E964B2 /* Assets.xcassets */; };
		68C3A4E02BFE330100E964B2 /* Preview Assets.xcassets in Resources */ = {isa = PBXBuildFile; fileRef = 68C3A4DF2BFE330100E964B2 /* Preview Assets.xcassets */; };
		68C3A4EA2BFE330100E964B2 /* Weather_AppTests.swift in Sources */ = {isa = PBXBuildFile; fileRef = 68C3A4E92BFE330100E964B2 /* Weather_AppTests.swift */; };
		68C3A4F42BFE330100E964B2 /* Weather_AppUITests.swift in Sources */ = {isa = PBXBuildFile; fileRef = 68C3A4F32BFE330100E964B2 /* Weather_AppUITests.swift */; };
		68C3A4F62BFE330100E964B2 /* Weather_AppUITestsLaunchTests.swift in Sources */ = {isa = PBXBuildFile; fileRef = 68C3A4F52BFE330100E964B2 /* Weather_AppUITestsLaunchTests.swift */; };
		68C3A5032BFE341600E964B2 /* .gitignore in Resources */ = {isa = PBXBuildFile; fileRef = 68C3A5022BFE341600E964B2 /* .gitignore */; };
		68C3A5062BFE440900E964B2 /* API-Keys.plist in Resources */ = {isa = PBXBuildFile; fileRef = 68C3A5052BFE440900E964B2 /* API-Keys.plist */; };
		68C3A50A2BFF84F400E964B2 /* WeatherClient.swift in Sources */ = {isa = PBXBuildFile; fileRef = 68C3A5092BFF84F400E964B2 /* WeatherClient.swift */; };
		68C3A50C2BFF852C00E964B2 /* WeatherAPI.swift in Sources */ = {isa = PBXBuildFile; fileRef = 68C3A50B2BFF852C00E964B2 /* WeatherAPI.swift */; };
		68C3A50E2BFF86C600E964B2 /* HTTPDataDownloader.swift in Sources */ = {isa = PBXBuildFile; fileRef = 68C3A50D2BFF86C600E964B2 /* HTTPDataDownloader.swift */; };
		68C3A5102C00B57100E964B2 /* Current.swift in Sources */ = {isa = PBXBuildFile; fileRef = 68C3A50F2C00B57100E964B2 /* Current.swift */; };
		68C3A5142C00B60300E964B2 /* WeatherResponse.swift in Sources */ = {isa = PBXBuildFile; fileRef = 68C3A5132C00B60300E964B2 /* WeatherResponse.swift */; };
		68C3A5162C00B62100E964B2 /* Location.swift in Sources */ = {isa = PBXBuildFile; fileRef = 68C3A5152C00B62100E964B2 /* Location.swift */; };
		68C3A5182C00BAD900E964B2 /* Condition.swift in Sources */ = {isa = PBXBuildFile; fileRef = 68C3A5172C00BAD900E964B2 /* Condition.swift */; };
		68C3A51A2C00BB0900E964B2 /* WindDir.swift in Sources */ = {isa = PBXBuildFile; fileRef = 68C3A5192C00BB0900E964B2 /* WindDir.swift */; };
		68C3A5222C00BD0A00E964B2 /* Forecast.swift in Sources */ = {isa = PBXBuildFile; fileRef = 68C3A5212C00BD0A00E964B2 /* Forecast.swift */; };
		68C3A5242C00BD3F00E964B2 /* Forecastday.swift in Sources */ = {isa = PBXBuildFile; fileRef = 68C3A5232C00BD3F00E964B2 /* Forecastday.swift */; };
		68C3A5262C00BD7B00E964B2 /* Astro.swift in Sources */ = {isa = PBXBuildFile; fileRef = 68C3A5252C00BD7B00E964B2 /* Astro.swift */; };
		68C3A5282C00BD9700E964B2 /* Day.swift in Sources */ = {isa = PBXBuildFile; fileRef = 68C3A5272C00BD9700E964B2 /* Day.swift */; };
		68C3A52A2C00BDEF00E964B2 /* Hour.swift in Sources */ = {isa = PBXBuildFile; fileRef = 68C3A5292C00BDEF00E964B2 /* Hour.swift */; };
		68C3A52F2C00CC8400E964B2 /* CustomErrors.swift in Sources */ = {isa = PBXBuildFile; fileRef = 68C3A52E2C00CC8400E964B2 /* CustomErrors.swift */; };
		68C3A5312C00F79300E964B2 /* local.plist in Resources */ = {isa = PBXBuildFile; fileRef = 68C3A5302C00F79300E964B2 /* local.plist */; };
/* End PBXBuildFile section */

/* Begin PBXContainerItemProxy section */
		68C3A4E62BFE330100E964B2 /* PBXContainerItemProxy */ = {
			isa = PBXContainerItemProxy;
			containerPortal = 68C3A4CD2BFE330000E964B2 /* Project object */;
			proxyType = 1;
			remoteGlobalIDString = 68C3A4D42BFE330000E964B2;
			remoteInfo = "Weather App";
		};
		68C3A4F02BFE330100E964B2 /* PBXContainerItemProxy */ = {
			isa = PBXContainerItemProxy;
			containerPortal = 68C3A4CD2BFE330000E964B2 /* Project object */;
			proxyType = 1;
			remoteGlobalIDString = 68C3A4D42BFE330000E964B2;
			remoteInfo = "Weather App";
		};
/* End PBXContainerItemProxy section */

/* Begin PBXFileReference section */
		68C3A4D52BFE330000E964B2 /* Weather App.app */ = {isa = PBXFileReference; explicitFileType = wrapper.application; includeInIndex = 0; path = "Weather App.app"; sourceTree = BUILT_PRODUCTS_DIR; };
		68C3A4D82BFE330000E964B2 /* Weather_AppApp.swift */ = {isa = PBXFileReference; lastKnownFileType = sourcecode.swift; path = Weather_AppApp.swift; sourceTree = "<group>"; };
		68C3A4DA2BFE330000E964B2 /* ContentView.swift */ = {isa = PBXFileReference; lastKnownFileType = sourcecode.swift; path = ContentView.swift; sourceTree = "<group>"; };
		68C3A4DC2BFE330100E964B2 /* Assets.xcassets */ = {isa = PBXFileReference; lastKnownFileType = folder.assetcatalog; path = Assets.xcassets; sourceTree = "<group>"; };
		68C3A4DF2BFE330100E964B2 /* Preview Assets.xcassets */ = {isa = PBXFileReference; lastKnownFileType = folder.assetcatalog; path = "Preview Assets.xcassets"; sourceTree = "<group>"; };
		68C3A4E52BFE330100E964B2 /* Weather AppTests.xctest */ = {isa = PBXFileReference; explicitFileType = wrapper.cfbundle; includeInIndex = 0; path = "Weather AppTests.xctest"; sourceTree = BUILT_PRODUCTS_DIR; };
		68C3A4E92BFE330100E964B2 /* Weather_AppTests.swift */ = {isa = PBXFileReference; lastKnownFileType = sourcecode.swift; path = Weather_AppTests.swift; sourceTree = "<group>"; };
		68C3A4EF2BFE330100E964B2 /* Weather AppUITests.xctest */ = {isa = PBXFileReference; explicitFileType = wrapper.cfbundle; includeInIndex = 0; path = "Weather AppUITests.xctest"; sourceTree = BUILT_PRODUCTS_DIR; };
		68C3A4F32BFE330100E964B2 /* Weather_AppUITests.swift */ = {isa = PBXFileReference; lastKnownFileType = sourcecode.swift; path = Weather_AppUITests.swift; sourceTree = "<group>"; };
		68C3A4F52BFE330100E964B2 /* Weather_AppUITestsLaunchTests.swift */ = {isa = PBXFileReference; lastKnownFileType = sourcecode.swift; path = Weather_AppUITestsLaunchTests.swift; sourceTree = "<group>"; };
		68C3A5022BFE341600E964B2 /* .gitignore */ = {isa = PBXFileReference; fileEncoding = 4; lastKnownFileType = text; path = .gitignore; sourceTree = "<group>"; };
		68C3A5052BFE440900E964B2 /* API-Keys.plist */ = {isa = PBXFileReference; lastKnownFileType = text.plist.xml; path = "API-Keys.plist"; sourceTree = "<group>"; };
		68C3A5092BFF84F400E964B2 /* WeatherClient.swift */ = {isa = PBXFileReference; lastKnownFileType = sourcecode.swift; path = WeatherClient.swift; sourceTree = "<group>"; };
		68C3A50B2BFF852C00E964B2 /* WeatherAPI.swift */ = {isa = PBXFileReference; lastKnownFileType = sourcecode.swift; path = WeatherAPI.swift; sourceTree = "<group>"; };
		68C3A50D2BFF86C600E964B2 /* HTTPDataDownloader.swift */ = {isa = PBXFileReference; lastKnownFileType = sourcecode.swift; path = HTTPDataDownloader.swift; sourceTree = "<group>"; };
		68C3A50F2C00B57100E964B2 /* Current.swift */ = {isa = PBXFileReference; lastKnownFileType = sourcecode.swift; path = Current.swift; sourceTree = "<group>"; };
		68C3A5132C00B60300E964B2 /* WeatherResponse.swift */ = {isa = PBXFileReference; lastKnownFileType = sourcecode.swift; path = WeatherResponse.swift; sourceTree = "<group>"; };
		68C3A5152C00B62100E964B2 /* Location.swift */ = {isa = PBXFileReference; lastKnownFileType = sourcecode.swift; path = Location.swift; sourceTree = "<group>"; };
		68C3A5172C00BAD900E964B2 /* Condition.swift */ = {isa = PBXFileReference; lastKnownFileType = sourcecode.swift; path = Condition.swift; sourceTree = "<group>"; };
		68C3A5192C00BB0900E964B2 /* WindDir.swift */ = {isa = PBXFileReference; lastKnownFileType = sourcecode.swift; path = WindDir.swift; sourceTree = "<group>"; };
		68C3A5212C00BD0A00E964B2 /* Forecast.swift */ = {isa = PBXFileReference; lastKnownFileType = sourcecode.swift; path = Forecast.swift; sourceTree = "<group>"; };
		68C3A5232C00BD3F00E964B2 /* Forecastday.swift */ = {isa = PBXFileReference; lastKnownFileType = sourcecode.swift; path = Forecastday.swift; sourceTree = "<group>"; };
		68C3A5252C00BD7B00E964B2 /* Astro.swift */ = {isa = PBXFileReference; lastKnownFileType = sourcecode.swift; path = Astro.swift; sourceTree = "<group>"; };
		68C3A5272C00BD9700E964B2 /* Day.swift */ = {isa = PBXFileReference; lastKnownFileType = sourcecode.swift; path = Day.swift; sourceTree = "<group>"; };
		68C3A5292C00BDEF00E964B2 /* Hour.swift */ = {isa = PBXFileReference; lastKnownFileType = sourcecode.swift; path = Hour.swift; sourceTree = "<group>"; };
		68C3A52E2C00CC8400E964B2 /* CustomErrors.swift */ = {isa = PBXFileReference; lastKnownFileType = sourcecode.swift; path = CustomErrors.swift; sourceTree = "<group>"; };
		68C3A5302C00F79300E964B2 /* local.plist */ = {isa = PBXFileReference; lastKnownFileType = text.plist.xml; path = local.plist; sourceTree = "<group>"; };
/* End PBXFileReference section */

/* Begin PBXFrameworksBuildPhase section */
		68C3A4D22BFE330000E964B2 /* Frameworks */ = {
			isa = PBXFrameworksBuildPhase;
			buildActionMask = 2147483647;
			files = (
			);
			runOnlyForDeploymentPostprocessing = 0;
		};
		68C3A4E22BFE330100E964B2 /* Frameworks */ = {
			isa = PBXFrameworksBuildPhase;
			buildActionMask = 2147483647;
			files = (
			);
			runOnlyForDeploymentPostprocessing = 0;
		};
		68C3A4EC2BFE330100E964B2 /* Frameworks */ = {
			isa = PBXFrameworksBuildPhase;
			buildActionMask = 2147483647;
			files = (
			);
			runOnlyForDeploymentPostprocessing = 0;
		};
/* End PBXFrameworksBuildPhase section */

/* Begin PBXGroup section */
		68C3A4CC2BFE330000E964B2 = {
			isa = PBXGroup;
			children = (
				68C3A5042BFE411800E964B2 /* Properties */,
				68C3A5022BFE341600E964B2 /* .gitignore */,
				68C3A4D72BFE330000E964B2 /* Weather App */,
				68C3A4E82BFE330100E964B2 /* Weather AppTests */,
				68C3A4F22BFE330100E964B2 /* Weather AppUITests */,
				68C3A4D62BFE330000E964B2 /* Products */,
			);
			sourceTree = "<group>";
		};
		68C3A4D62BFE330000E964B2 /* Products */ = {
			isa = PBXGroup;
			children = (
				68C3A4D52BFE330000E964B2 /* Weather App.app */,
				68C3A4E52BFE330100E964B2 /* Weather AppTests.xctest */,
				68C3A4EF2BFE330100E964B2 /* Weather AppUITests.xctest */,
			);
			name = Products;
			sourceTree = "<group>";
		};
		68C3A4D72BFE330000E964B2 /* Weather App */ = {
			isa = PBXGroup;
			children = (
				68C3A5082BFF84D400E964B2 /* Models */,
				68C3A5072BFF84CE00E964B2 /* Views */,
				68C3A4D82BFE330000E964B2 /* Weather_AppApp.swift */,
				68C3A4DC2BFE330100E964B2 /* Assets.xcassets */,
				68C3A4DE2BFE330100E964B2 /* Preview Content */,
			);
			path = "Weather App";
			sourceTree = "<group>";
		};
		68C3A4DE2BFE330100E964B2 /* Preview Content */ = {
			isa = PBXGroup;
			children = (
				68C3A4DF2BFE330100E964B2 /* Preview Assets.xcassets */,
			);
			path = "Preview Content";
			sourceTree = "<group>";
		};
		68C3A4E82BFE330100E964B2 /* Weather AppTests */ = {
			isa = PBXGroup;
			children = (
				68C3A4E92BFE330100E964B2 /* Weather_AppTests.swift */,
			);
			path = "Weather AppTests";
			sourceTree = "<group>";
		};
		68C3A4F22BFE330100E964B2 /* Weather AppUITests */ = {
			isa = PBXGroup;
			children = (
				68C3A4F32BFE330100E964B2 /* Weather_AppUITests.swift */,
				68C3A4F52BFE330100E964B2 /* Weather_AppUITestsLaunchTests.swift */,
			);
			path = "Weather AppUITests";
			sourceTree = "<group>";
		};
		68C3A5042BFE411800E964B2 /* Properties */ = {
			isa = PBXGroup;
			children = (
				68C3A5052BFE440900E964B2 /* API-Keys.plist */,
				68C3A5302C00F79300E964B2 /* local.plist */,
			);
			path = Properties;
			sourceTree = "<group>";
		};
		68C3A5072BFF84CE00E964B2 /* Views */ = {
			isa = PBXGroup;
			children = (
				68C3A4DA2BFE330000E964B2 /* ContentView.swift */,
			);
			path = Views;
			sourceTree = "<group>";
		};
		68C3A5082BFF84D400E964B2 /* Models */ = {
			isa = PBXGroup;
			children = (
				68C3A5112C00B59F00E964B2 /* WeatherModel */,
				68C3A50B2BFF852C00E964B2 /* WeatherAPI.swift */,
				68C3A50D2BFF86C600E964B2 /* HTTPDataDownloader.swift */,
			);
			path = Models;
			sourceTree = "<group>";
		};
		68C3A5112C00B59F00E964B2 /* WeatherModel */ = {
			isa = PBXGroup;
			children = (
				68C3A52D2C00CC6D00E964B2 /* Errors */,
				68C3A5202C00BCF600E964B2 /* Forecast */,
				68C3A51F2C00BCEE00E964B2 /* Current */,
				68C3A51E2C00BCE500E964B2 /* Location */,
				68C3A51D2C00BBE400E964B2 /* CommonModels */,
				68C3A5132C00B60300E964B2 /* WeatherResponse.swift */,
				68C3A5092BFF84F400E964B2 /* WeatherClient.swift */,
			);
			path = WeatherModel;
			sourceTree = "<group>";
		};
		68C3A51D2C00BBE400E964B2 /* CommonModels */ = {
			isa = PBXGroup;
			children = (
				68C3A5192C00BB0900E964B2 /* WindDir.swift */,
				68C3A5172C00BAD900E964B2 /* Condition.swift */,
			);
			path = CommonModels;
			sourceTree = "<group>";
		};
		68C3A51E2C00BCE500E964B2 /* Location */ = {
			isa = PBXGroup;
			children = (
				68C3A5152C00B62100E964B2 /* Location.swift */,
			);
			path = Location;
			sourceTree = "<group>";
		};
		68C3A51F2C00BCEE00E964B2 /* Current */ = {
			isa = PBXGroup;
			children = (
				68C3A50F2C00B57100E964B2 /* Current.swift */,
			);
			path = Current;
			sourceTree = "<group>";
		};
		68C3A5202C00BCF600E964B2 /* Forecast */ = {
			isa = PBXGroup;
			children = (
				68C3A5212C00BD0A00E964B2 /* Forecast.swift */,
				68C3A5232C00BD3F00E964B2 /* Forecastday.swift */,
				68C3A5252C00BD7B00E964B2 /* Astro.swift */,
				68C3A5272C00BD9700E964B2 /* Day.swift */,
				68C3A5292C00BDEF00E964B2 /* Hour.swift */,
			);
			path = Forecast;
			sourceTree = "<group>";
		};
		68C3A52D2C00CC6D00E964B2 /* Errors */ = {
			isa = PBXGroup;
			children = (
				68C3A52E2C00CC8400E964B2 /* CustomErrors.swift */,
			);
			path = Errors;
			sourceTree = "<group>";
		};
/* End PBXGroup section */

/* Begin PBXNativeTarget section */
		68C3A4D42BFE330000E964B2 /* Weather App */ = {
			isa = PBXNativeTarget;
			buildConfigurationList = 68C3A4F92BFE330100E964B2 /* Build configuration list for PBXNativeTarget "Weather App" */;
			buildPhases = (
				68C3A4D12BFE330000E964B2 /* Sources */,
				68C3A4D22BFE330000E964B2 /* Frameworks */,
				68C3A4D32BFE330000E964B2 /* Resources */,
			);
			buildRules = (
			);
			dependencies = (
			);
			name = "Weather App";
			productName = "Weather App";
			productReference = 68C3A4D52BFE330000E964B2 /* Weather App.app */;
			productType = "com.apple.product-type.application";
		};
		68C3A4E42BFE330100E964B2 /* Weather AppTests */ = {
			isa = PBXNativeTarget;
			buildConfigurationList = 68C3A4FC2BFE330100E964B2 /* Build configuration list for PBXNativeTarget "Weather AppTests" */;
			buildPhases = (
				68C3A4E12BFE330100E964B2 /* Sources */,
				68C3A4E22BFE330100E964B2 /* Frameworks */,
				68C3A4E32BFE330100E964B2 /* Resources */,
			);
			buildRules = (
			);
			dependencies = (
				68C3A4E72BFE330100E964B2 /* PBXTargetDependency */,
			);
			name = "Weather AppTests";
			productName = "Weather AppTests";
			productReference = 68C3A4E52BFE330100E964B2 /* Weather AppTests.xctest */;
			productType = "com.apple.product-type.bundle.unit-test";
		};
		68C3A4EE2BFE330100E964B2 /* Weather AppUITests */ = {
			isa = PBXNativeTarget;
			buildConfigurationList = 68C3A4FF2BFE330100E964B2 /* Build configuration list for PBXNativeTarget "Weather AppUITests" */;
			buildPhases = (
				68C3A4EB2BFE330100E964B2 /* Sources */,
				68C3A4EC2BFE330100E964B2 /* Frameworks */,
				68C3A4ED2BFE330100E964B2 /* Resources */,
			);
			buildRules = (
			);
			dependencies = (
				68C3A4F12BFE330100E964B2 /* PBXTargetDependency */,
			);
			name = "Weather AppUITests";
			productName = "Weather AppUITests";
			productReference = 68C3A4EF2BFE330100E964B2 /* Weather AppUITests.xctest */;
			productType = "com.apple.product-type.bundle.ui-testing";
		};
/* End PBXNativeTarget section */

/* Begin PBXProject section */
		68C3A4CD2BFE330000E964B2 /* Project object */ = {
			isa = PBXProject;
			attributes = {
				BuildIndependentTargetsInParallel = 1;
				LastSwiftUpdateCheck = 1520;
				LastUpgradeCheck = 1520;
				TargetAttributes = {
					68C3A4D42BFE330000E964B2 = {
						CreatedOnToolsVersion = 15.2;
					};
					68C3A4E42BFE330100E964B2 = {
						CreatedOnToolsVersion = 15.2;
						TestTargetID = 68C3A4D42BFE330000E964B2;
					};
					68C3A4EE2BFE330100E964B2 = {
						CreatedOnToolsVersion = 15.2;
						TestTargetID = 68C3A4D42BFE330000E964B2;
					};
				};
			};
			buildConfigurationList = 68C3A4D02BFE330000E964B2 /* Build configuration list for PBXProject "Weather App" */;
			compatibilityVersion = "Xcode 14.0";
			developmentRegion = en;
			hasScannedForEncodings = 0;
			knownRegions = (
				en,
				Base,
			);
			mainGroup = 68C3A4CC2BFE330000E964B2;
			productRefGroup = 68C3A4D62BFE330000E964B2 /* Products */;
			projectDirPath = "";
			projectRoot = "";
			targets = (
				68C3A4D42BFE330000E964B2 /* Weather App */,
				68C3A4E42BFE330100E964B2 /* Weather AppTests */,
				68C3A4EE2BFE330100E964B2 /* Weather AppUITests */,
			);
		};
/* End PBXProject section */

/* Begin PBXResourcesBuildPhase section */
		68C3A4D32BFE330000E964B2 /* Resources */ = {
			isa = PBXResourcesBuildPhase;
			buildActionMask = 2147483647;
			files = (
				68C3A4E02BFE330100E964B2 /* Preview Assets.xcassets in Resources */,
				68C3A5312C00F79300E964B2 /* local.plist in Resources */,
				68C3A5032BFE341600E964B2 /* .gitignore in Resources */,
				68C3A4DD2BFE330100E964B2 /* Assets.xcassets in Resources */,
				68C3A5062BFE440900E964B2 /* API-Keys.plist in Resources */,
			);
			runOnlyForDeploymentPostprocessing = 0;
		};
		68C3A4E32BFE330100E964B2 /* Resources */ = {
			isa = PBXResourcesBuildPhase;
			buildActionMask = 2147483647;
			files = (
			);
			runOnlyForDeploymentPostprocessing = 0;
		};
		68C3A4ED2BFE330100E964B2 /* Resources */ = {
			isa = PBXResourcesBuildPhase;
			buildActionMask = 2147483647;
			files = (
			);
			runOnlyForDeploymentPostprocessing = 0;
		};
/* End PBXResourcesBuildPhase section */

/* Begin PBXSourcesBuildPhase section */
		68C3A4D12BFE330000E964B2 /* Sources */ = {
			isa = PBXSourcesBuildPhase;
			buildActionMask = 2147483647;
			files = (
				68C3A5282C00BD9700E964B2 /* Day.swift in Sources */,
				68C3A50C2BFF852C00E964B2 /* WeatherAPI.swift in Sources */,
				68C3A5262C00BD7B00E964B2 /* Astro.swift in Sources */,
				68C3A51A2C00BB0900E964B2 /* WindDir.swift in Sources */,
				68C3A5182C00BAD900E964B2 /* Condition.swift in Sources */,
				68C3A4DB2BFE330000E964B2 /* ContentView.swift in Sources */,
				68C3A52F2C00CC8400E964B2 /* CustomErrors.swift in Sources */,
				68C3A52A2C00BDEF00E964B2 /* Hour.swift in Sources */,
				68C3A5162C00B62100E964B2 /* Location.swift in Sources */,
				68C3A50A2BFF84F400E964B2 /* WeatherClient.swift in Sources */,
				68C3A5142C00B60300E964B2 /* WeatherResponse.swift in Sources */,
				68C3A5102C00B57100E964B2 /* Current.swift in Sources */,
				68C3A4D92BFE330000E964B2 /* Weather_AppApp.swift in Sources */,
				68C3A5242C00BD3F00E964B2 /* Forecastday.swift in Sources */,
				68C3A5222C00BD0A00E964B2 /* Forecast.swift in Sources */,
				68C3A50E2BFF86C600E964B2 /* HTTPDataDownloader.swift in Sources */,
			);
			runOnlyForDeploymentPostprocessing = 0;
		};
		68C3A4E12BFE330100E964B2 /* Sources */ = {
			isa = PBXSourcesBuildPhase;
			buildActionMask = 2147483647;
			files = (
				68C3A4EA2BFE330100E964B2 /* Weather_AppTests.swift in Sources */,
			);
			runOnlyForDeploymentPostprocessing = 0;
		};
		68C3A4EB2BFE330100E964B2 /* Sources */ = {
			isa = PBXSourcesBuildPhase;
			buildActionMask = 2147483647;
			files = (
				68C3A4F42BFE330100E964B2 /* Weather_AppUITests.swift in Sources */,
				68C3A4F62BFE330100E964B2 /* Weather_AppUITestsLaunchTests.swift in Sources */,
			);
			runOnlyForDeploymentPostprocessing = 0;
		};
/* End PBXSourcesBuildPhase section */

/* Begin PBXTargetDependency section */
		68C3A4E72BFE330100E964B2 /* PBXTargetDependency */ = {
			isa = PBXTargetDependency;
			target = 68C3A4D42BFE330000E964B2 /* Weather App */;
			targetProxy = 68C3A4E62BFE330100E964B2 /* PBXContainerItemProxy */;
		};
		68C3A4F12BFE330100E964B2 /* PBXTargetDependency */ = {
			isa = PBXTargetDependency;
			target = 68C3A4D42BFE330000E964B2 /* Weather App */;
			targetProxy = 68C3A4F02BFE330100E964B2 /* PBXContainerItemProxy */;
		};
/* End PBXTargetDependency section */

/* Begin XCBuildConfiguration section */
		68C3A4F72BFE330100E964B2 /* Debug */ = {
			isa = XCBuildConfiguration;
			buildSettings = {
				ALWAYS_SEARCH_USER_PATHS = NO;
				ASSETCATALOG_COMPILER_GENERATE_SWIFT_ASSET_SYMBOL_EXTENSIONS = YES;
				CLANG_ANALYZER_NONNULL = YES;
				CLANG_ANALYZER_NUMBER_OBJECT_CONVERSION = YES_AGGRESSIVE;
				CLANG_CXX_LANGUAGE_STANDARD = "gnu++20";
				CLANG_ENABLE_MODULES = YES;
				CLANG_ENABLE_OBJC_ARC = YES;
				CLANG_ENABLE_OBJC_WEAK = YES;
				CLANG_WARN_BLOCK_CAPTURE_AUTORELEASING = YES;
				CLANG_WARN_BOOL_CONVERSION = YES;
				CLANG_WARN_COMMA = YES;
				CLANG_WARN_CONSTANT_CONVERSION = YES;
				CLANG_WARN_DEPRECATED_OBJC_IMPLEMENTATIONS = YES;
				CLANG_WARN_DIRECT_OBJC_ISA_USAGE = YES_ERROR;
				CLANG_WARN_DOCUMENTATION_COMMENTS = YES;
				CLANG_WARN_EMPTY_BODY = YES;
				CLANG_WARN_ENUM_CONVERSION = YES;
				CLANG_WARN_INFINITE_RECURSION = YES;
				CLANG_WARN_INT_CONVERSION = YES;
				CLANG_WARN_NON_LITERAL_NULL_CONVERSION = YES;
				CLANG_WARN_OBJC_IMPLICIT_RETAIN_SELF = YES;
				CLANG_WARN_OBJC_LITERAL_CONVERSION = YES;
				CLANG_WARN_OBJC_ROOT_CLASS = YES_ERROR;
				CLANG_WARN_QUOTED_INCLUDE_IN_FRAMEWORK_HEADER = YES;
				CLANG_WARN_RANGE_LOOP_ANALYSIS = YES;
				CLANG_WARN_STRICT_PROTOTYPES = YES;
				CLANG_WARN_SUSPICIOUS_MOVE = YES;
				CLANG_WARN_UNGUARDED_AVAILABILITY = YES_AGGRESSIVE;
				CLANG_WARN_UNREACHABLE_CODE = YES;
				CLANG_WARN__DUPLICATE_METHOD_MATCH = YES;
				COPY_PHASE_STRIP = NO;
				DEBUG_INFORMATION_FORMAT = dwarf;
				ENABLE_STRICT_OBJC_MSGSEND = YES;
				ENABLE_TESTABILITY = YES;
				ENABLE_USER_SCRIPT_SANDBOXING = YES;
				GCC_C_LANGUAGE_STANDARD = gnu17;
				GCC_DYNAMIC_NO_PIC = NO;
				GCC_NO_COMMON_BLOCKS = YES;
				GCC_OPTIMIZATION_LEVEL = 0;
				GCC_PREPROCESSOR_DEFINITIONS = (
					"DEBUG=1",
					"$(inherited)",
				);
				GCC_WARN_64_TO_32_BIT_CONVERSION = YES;
				GCC_WARN_ABOUT_RETURN_TYPE = YES_ERROR;
				GCC_WARN_UNDECLARED_SELECTOR = YES;
				GCC_WARN_UNINITIALIZED_AUTOS = YES_AGGRESSIVE;
				GCC_WARN_UNUSED_FUNCTION = YES;
				GCC_WARN_UNUSED_VARIABLE = YES;
				IPHONEOS_DEPLOYMENT_TARGET = 17.2;
				LOCALIZATION_PREFERS_STRING_CATALOGS = YES;
				MTL_ENABLE_DEBUG_INFO = INCLUDE_SOURCE;
				MTL_FAST_MATH = YES;
				ONLY_ACTIVE_ARCH = YES;
				SDKROOT = iphoneos;
				SWIFT_ACTIVE_COMPILATION_CONDITIONS = "DEBUG $(inherited)";
				SWIFT_OPTIMIZATION_LEVEL = "-Onone";
			};
			name = Debug;
		};
		68C3A4F82BFE330100E964B2 /* Release */ = {
			isa = XCBuildConfiguration;
			buildSettings = {
				ALWAYS_SEARCH_USER_PATHS = NO;
				ASSETCATALOG_COMPILER_GENERATE_SWIFT_ASSET_SYMBOL_EXTENSIONS = YES;
				CLANG_ANALYZER_NONNULL = YES;
				CLANG_ANALYZER_NUMBER_OBJECT_CONVERSION = YES_AGGRESSIVE;
				CLANG_CXX_LANGUAGE_STANDARD = "gnu++20";
				CLANG_ENABLE_MODULES = YES;
				CLANG_ENABLE_OBJC_ARC = YES;
				CLANG_ENABLE_OBJC_WEAK = YES;
				CLANG_WARN_BLOCK_CAPTURE_AUTORELEASING = YES;
				CLANG_WARN_BOOL_CONVERSION = YES;
				CLANG_WARN_COMMA = YES;
				CLANG_WARN_CONSTANT_CONVERSION = YES;
				CLANG_WARN_DEPRECATED_OBJC_IMPLEMENTATIONS = YES;
				CLANG_WARN_DIRECT_OBJC_ISA_USAGE = YES_ERROR;
				CLANG_WARN_DOCUMENTATION_COMMENTS = YES;
				CLANG_WARN_EMPTY_BODY = YES;
				CLANG_WARN_ENUM_CONVERSION = YES;
				CLANG_WARN_INFINITE_RECURSION = YES;
				CLANG_WARN_INT_CONVERSION = YES;
				CLANG_WARN_NON_LITERAL_NULL_CONVERSION = YES;
				CLANG_WARN_OBJC_IMPLICIT_RETAIN_SELF = YES;
				CLANG_WARN_OBJC_LITERAL_CONVERSION = YES;
				CLANG_WARN_OBJC_ROOT_CLASS = YES_ERROR;
				CLANG_WARN_QUOTED_INCLUDE_IN_FRAMEWORK_HEADER = YES;
				CLANG_WARN_RANGE_LOOP_ANALYSIS = YES;
				CLANG_WARN_STRICT_PROTOTYPES = YES;
				CLANG_WARN_SUSPICIOUS_MOVE = YES;
				CLANG_WARN_UNGUARDED_AVAILABILITY = YES_AGGRESSIVE;
				CLANG_WARN_UNREACHABLE_CODE = YES;
				CLANG_WARN__DUPLICATE_METHOD_MATCH = YES;
				COPY_PHASE_STRIP = NO;
				DEBUG_INFORMATION_FORMAT = "dwarf-with-dsym";
				ENABLE_NS_ASSERTIONS = NO;
				ENABLE_STRICT_OBJC_MSGSEND = YES;
				ENABLE_USER_SCRIPT_SANDBOXING = YES;
				GCC_C_LANGUAGE_STANDARD = gnu17;
				GCC_NO_COMMON_BLOCKS = YES;
				GCC_WARN_64_TO_32_BIT_CONVERSION = YES;
				GCC_WARN_ABOUT_RETURN_TYPE = YES_ERROR;
				GCC_WARN_UNDECLARED_SELECTOR = YES;
				GCC_WARN_UNINITIALIZED_AUTOS = YES_AGGRESSIVE;
				GCC_WARN_UNUSED_FUNCTION = YES;
				GCC_WARN_UNUSED_VARIABLE = YES;
				IPHONEOS_DEPLOYMENT_TARGET = 17.2;
				LOCALIZATION_PREFERS_STRING_CATALOGS = YES;
				MTL_ENABLE_DEBUG_INFO = NO;
				MTL_FAST_MATH = YES;
				SDKROOT = iphoneos;
				SWIFT_COMPILATION_MODE = wholemodule;
				VALIDATE_PRODUCT = YES;
			};
			name = Release;
		};
		68C3A4FA2BFE330100E964B2 /* Debug */ = {
			isa = XCBuildConfiguration;
			buildSettings = {
				ASSETCATALOG_COMPILER_APPICON_NAME = AppIcon;
				ASSETCATALOG_COMPILER_GLOBAL_ACCENT_COLOR_NAME = AccentColor;
				CODE_SIGN_STYLE = Automatic;
				CURRENT_PROJECT_VERSION = 1;
				DEVELOPMENT_ASSET_PATHS = "\"Weather App/Preview Content\"";
				DEVELOPMENT_TEAM = 4R6949GRZ7;
				ENABLE_PREVIEWS = YES;
				GENERATE_INFOPLIST_FILE = YES;
				INFOPLIST_KEY_UIApplicationSceneManifest_Generation = YES;
				INFOPLIST_KEY_UIApplicationSupportsIndirectInputEvents = YES;
				INFOPLIST_KEY_UILaunchScreen_Generation = YES;
				INFOPLIST_KEY_UISupportedInterfaceOrientations_iPad = "UIInterfaceOrientationPortrait UIInterfaceOrientationPortraitUpsideDown UIInterfaceOrientationLandscapeLeft UIInterfaceOrientationLandscapeRight";
				INFOPLIST_KEY_UISupportedInterfaceOrientations_iPhone = "UIInterfaceOrientationPortrait UIInterfaceOrientationLandscapeLeft UIInterfaceOrientationLandscapeRight";
				LD_RUNPATH_SEARCH_PATHS = (
					"$(inherited)",
					"@executable_path/Frameworks",
				);
				MARKETING_VERSION = 1.0;
				PRODUCT_BUNDLE_IDENTIFIER = "com.ilyasbugra.Weather-App";
				PRODUCT_NAME = "$(TARGET_NAME)";
				SWIFT_EMIT_LOC_STRINGS = YES;
				SWIFT_VERSION = 5.0;
				TARGETED_DEVICE_FAMILY = "1,2";
			};
			name = Debug;
		};
		68C3A4FB2BFE330100E964B2 /* Release */ = {
			isa = XCBuildConfiguration;
			buildSettings = {
				ASSETCATALOG_COMPILER_APPICON_NAME = AppIcon;
				ASSETCATALOG_COMPILER_GLOBAL_ACCENT_COLOR_NAME = AccentColor;
				CODE_SIGN_STYLE = Automatic;
				CURRENT_PROJECT_VERSION = 1;
				DEVELOPMENT_ASSET_PATHS = "\"Weather App/Preview Content\"";
				DEVELOPMENT_TEAM = 4R6949GRZ7;
				ENABLE_PREVIEWS = YES;
				GENERATE_INFOPLIST_FILE = YES;
				INFOPLIST_KEY_UIApplicationSceneManifest_Generation = YES;
				INFOPLIST_KEY_UIApplicationSupportsIndirectInputEvents = YES;
				INFOPLIST_KEY_UILaunchScreen_Generation = YES;
				INFOPLIST_KEY_UISupportedInterfaceOrientations_iPad = "UIInterfaceOrientationPortrait UIInterfaceOrientationPortraitUpsideDown UIInterfaceOrientationLandscapeLeft UIInterfaceOrientationLandscapeRight";
				INFOPLIST_KEY_UISupportedInterfaceOrientations_iPhone = "UIInterfaceOrientationPortrait UIInterfaceOrientationLandscapeLeft UIInterfaceOrientationLandscapeRight";
				LD_RUNPATH_SEARCH_PATHS = (
					"$(inherited)",
					"@executable_path/Frameworks",
				);
				MARKETING_VERSION = 1.0;
				PRODUCT_BUNDLE_IDENTIFIER = "com.ilyasbugra.Weather-App";
				PRODUCT_NAME = "$(TARGET_NAME)";
				SWIFT_EMIT_LOC_STRINGS = YES;
				SWIFT_VERSION = 5.0;
				TARGETED_DEVICE_FAMILY = "1,2";
			};
			name = Release;
		};
		68C3A4FD2BFE330100E964B2 /* Debug */ = {
			isa = XCBuildConfiguration;
			buildSettings = {
				ALWAYS_EMBED_SWIFT_STANDARD_LIBRARIES = YES;
				BUNDLE_LOADER = "$(TEST_HOST)";
				CODE_SIGN_STYLE = Automatic;
				CURRENT_PROJECT_VERSION = 1;
				DEVELOPMENT_TEAM = 4R6949GRZ7;
				GENERATE_INFOPLIST_FILE = YES;
				IPHONEOS_DEPLOYMENT_TARGET = 17.2;
				MARKETING_VERSION = 1.0;
				PRODUCT_BUNDLE_IDENTIFIER = "com.ilyasbugra.Weather-AppTests";
				PRODUCT_NAME = "$(TARGET_NAME)";
				SWIFT_EMIT_LOC_STRINGS = NO;
				SWIFT_VERSION = 5.0;
				TARGETED_DEVICE_FAMILY = "1,2";
				TEST_HOST = "$(BUILT_PRODUCTS_DIR)/Weather App.app/$(BUNDLE_EXECUTABLE_FOLDER_PATH)/Weather App";
			};
			name = Debug;
		};
		68C3A4FE2BFE330100E964B2 /* Release */ = {
			isa = XCBuildConfiguration;
			buildSettings = {
				ALWAYS_EMBED_SWIFT_STANDARD_LIBRARIES = YES;
				BUNDLE_LOADER = "$(TEST_HOST)";
				CODE_SIGN_STYLE = Automatic;
				CURRENT_PROJECT_VERSION = 1;
				DEVELOPMENT_TEAM = 4R6949GRZ7;
				GENERATE_INFOPLIST_FILE = YES;
				IPHONEOS_DEPLOYMENT_TARGET = 17.2;
				MARKETING_VERSION = 1.0;
				PRODUCT_BUNDLE_IDENTIFIER = "com.ilyasbugra.Weather-AppTests";
				PRODUCT_NAME = "$(TARGET_NAME)";
				SWIFT_EMIT_LOC_STRINGS = NO;
				SWIFT_VERSION = 5.0;
				TARGETED_DEVICE_FAMILY = "1,2";
				TEST_HOST = "$(BUILT_PRODUCTS_DIR)/Weather App.app/$(BUNDLE_EXECUTABLE_FOLDER_PATH)/Weather App";
			};
			name = Release;
		};
		68C3A5002BFE330100E964B2 /* Debug */ = {
			isa = XCBuildConfiguration;
			buildSettings = {
				ALWAYS_EMBED_SWIFT_STANDARD_LIBRARIES = YES;
				CODE_SIGN_STYLE = Automatic;
				CURRENT_PROJECT_VERSION = 1;
				DEVELOPMENT_TEAM = 4R6949GRZ7;
				GENERATE_INFOPLIST_FILE = YES;
				MARKETING_VERSION = 1.0;
				PRODUCT_BUNDLE_IDENTIFIER = "com.ilyasbugra.Weather-AppUITests";
				PRODUCT_NAME = "$(TARGET_NAME)";
				SWIFT_EMIT_LOC_STRINGS = NO;
				SWIFT_VERSION = 5.0;
				TARGETED_DEVICE_FAMILY = "1,2";
				TEST_TARGET_NAME = "Weather App";
			};
			name = Debug;
		};
		68C3A5012BFE330100E964B2 /* Release */ = {
			isa = XCBuildConfiguration;
			buildSettings = {
				ALWAYS_EMBED_SWIFT_STANDARD_LIBRARIES = YES;
				CODE_SIGN_STYLE = Automatic;
				CURRENT_PROJECT_VERSION = 1;
				DEVELOPMENT_TEAM = 4R6949GRZ7;
				GENERATE_INFOPLIST_FILE = YES;
				MARKETING_VERSION = 1.0;
				PRODUCT_BUNDLE_IDENTIFIER = "com.ilyasbugra.Weather-AppUITests";
				PRODUCT_NAME = "$(TARGET_NAME)";
				SWIFT_EMIT_LOC_STRINGS = NO;
				SWIFT_VERSION = 5.0;
				TARGETED_DEVICE_FAMILY = "1,2";
				TEST_TARGET_NAME = "Weather App";
			};
			name = Release;
		};
/* End XCBuildConfiguration section */

/* Begin XCConfigurationList section */
		68C3A4D02BFE330000E964B2 /* Build configuration list for PBXProject "Weather App" */ = {
			isa = XCConfigurationList;
			buildConfigurations = (
				68C3A4F72BFE330100E964B2 /* Debug */,
				68C3A4F82BFE330100E964B2 /* Release */,
			);
			defaultConfigurationIsVisible = 0;
			defaultConfigurationName = Release;
		};
		68C3A4F92BFE330100E964B2 /* Build configuration list for PBXNativeTarget "Weather App" */ = {
			isa = XCConfigurationList;
			buildConfigurations = (
				68C3A4FA2BFE330100E964B2 /* Debug */,
				68C3A4FB2BFE330100E964B2 /* Release */,
			);
			defaultConfigurationIsVisible = 0;
			defaultConfigurationName = Release;
		};
		68C3A4FC2BFE330100E964B2 /* Build configuration list for PBXNativeTarget "Weather AppTests" */ = {
			isa = XCConfigurationList;
			buildConfigurations = (
				68C3A4FD2BFE330100E964B2 /* Debug */,
				68C3A4FE2BFE330100E964B2 /* Release */,
			);
			defaultConfigurationIsVisible = 0;
			defaultConfigurationName = Release;
		};
		68C3A4FF2BFE330100E964B2 /* Build configuration list for PBXNativeTarget "Weather AppUITests" */ = {
			isa = XCConfigurationList;
			buildConfigurations = (
				68C3A5002BFE330100E964B2 /* Debug */,
				68C3A5012BFE330100E964B2 /* Release */,
			);
			defaultConfigurationIsVisible = 0;
			defaultConfigurationName = Release;
		};
/* End XCConfigurationList section */
	};
	rootObject = 68C3A4CD2BFE330000E964B2 /* Project object */;
}
